
Microsoft Visual Studio Solution File, Format Version 12.00
# Visual Studio Version 16
VisualStudioVersion = 16.0.31112.23
MinimumVisualStudioVersion = 10.0.40219.1
Project("{FAE04EC0-301F-11D3-BF4B-00C04F79EFBC}") = "HashTables", "HashTables\HashTables.csproj", "{1B9AF72B-F0D5-41DB-8F89-8BC6344CF1ED}"
EndProject
Global
	GlobalSection(SolutionConfigurationPlatforms) = preSolution
		Debug|Any CPU = Debug|Any CPU
		Release|Any CPU = Release|Any CPU
	EndGlobalSection
	GlobalSection(ProjectConfigurationPlatforms) = postSolution
		{1B9AF72B-F0D5-41DB-8F89-8BC6344CF1ED}.Debug|Any CPU.ActiveCfg = Debug|Any CPU
		{1B9AF72B-F0D5-41DB-8F89-8BC6344CF1ED}.Debug|Any CPU.Build.0 = Debug|Any CPU
		{1B9AF72B-F0D5-41DB-8F89-8BC6344CF1ED}.Release|Any CPU.ActiveCfg = Release|Any CPU
		{1B9AF72B-F0D5-41DB-8F89-8BC6344CF1ED}.Release|Any CPU.Build.0 = Release|Any CPU
	EndGlobalSection
	GlobalSection(SolutionProperties) = preSolution
		HideSolutionNode = FALSE
	EndGlobalSection
	GlobalSection(ExtensibilityGlobals) = postSolution
		SolutionGuid = {229357F2-9B57-441B-9C78-BBADA649DDB8}
	EndGlobalSection
EndGlobal
